// !$*UTF8*$!
{
	archiveVersion = 1;
	classes = {
	};
	objectVersion = 46;
	objects = {

/* Begin PBXBuildFile section */
		1B07D29D1B68E0F6001C146F /* AppDelegate.swift in Sources */ = {isa = PBXBuildFile; fileRef = 1B07D29C1B68E0F6001C146F /* AppDelegate.swift */; };
		1B07D29F1B68E0F6001C146F /* ViewController.swift in Sources */ = {isa = PBXBuildFile; fileRef = 1B07D29E1B68E0F6001C146F /* ViewController.swift */; };
		1B07D2A21B68E0F7001C146F /* Main.storyboard in Resources */ = {isa = PBXBuildFile; fileRef = 1B07D2A01B68E0F7001C146F /* Main.storyboard */; };
		1B07D2A41B68E0F7001C146F /* Assets.xcassets in Resources */ = {isa = PBXBuildFile; fileRef = 1B07D2A31B68E0F7001C146F /* Assets.xcassets */; };
		1B07D2A71B68E0F7001C146F /* LaunchScreen.storyboard in Resources */ = {isa = PBXBuildFile; fileRef = 1B07D2A51B68E0F7001C146F /* LaunchScreen.storyboard */; };
		1B07D2B21B68E0F7001C146F /* SimpleJSONTests.swift in Sources */ = {isa = PBXBuildFile; fileRef = 1B07D2B11B68E0F7001C146F /* SimpleJSONTests.swift */; };
		1B07D2BD1B68E0F7001C146F /* SimpleJSONUITests.swift in Sources */ = {isa = PBXBuildFile; fileRef = 1B07D2BC1B68E0F7001C146F /* SimpleJSONUITests.swift */; };
		1B07D2CB1B68E1F1001C146F /* ViewModel.swift in Sources */ = {isa = PBXBuildFile; fileRef = 1B07D2CA1B68E1F1001C146F /* ViewModel.swift */; };
		1B07D3171B695803001C146F /* PHPAPIExample.swift in Sources */ = {isa = PBXBuildFile; fileRef = 1B07D3161B695803001C146F /* PHPAPIExample.swift */; };
/* End PBXBuildFile section */

/* Begin PBXContainerItemProxy section */
		1B07D2AE1B68E0F7001C146F /* PBXContainerItemProxy */ = {
			isa = PBXContainerItemProxy;
			containerPortal = 1B07D2911B68E0F6001C146F /* Project object */;
			proxyType = 1;
			remoteGlobalIDString = 1B07D2981B68E0F6001C146F;
			remoteInfo = SimpleJSON;
		};
		1B07D2B91B68E0F7001C146F /* PBXContainerItemProxy */ = {
			isa = PBXContainerItemProxy;
			containerPortal = 1B07D2911B68E0F6001C146F /* Project object */;
			proxyType = 1;
			remoteGlobalIDString = 1B07D2981B68E0F6001C146F;
			remoteInfo = SimpleJSON;
		};
/* End PBXContainerItemProxy section */

/* Begin PBXFileReference section */
		1B07D2991B68E0F6001C146F /* SimpleJSON.app */ = {isa = PBXFileReference; explicitFileType = wrapper.application; includeInIndex = 0; path = SimpleJSON.app; sourceTree = BUILT_PRODUCTS_DIR; };
		1B07D29C1B68E0F6001C146F /* AppDelegate.swift */ = {isa = PBXFileReference; lastKnownFileType = sourcecode.swift; path = AppDelegate.swift; sourceTree = "<group>"; };
		1B07D29E1B68E0F6001C146F /* ViewController.swift */ = {isa = PBXFileReference; lastKnownFileType = sourcecode.swift; path = ViewController.swift; sourceTree = "<group>"; };
		1B07D2A11B68E0F7001C146F /* Base */ = {isa = PBXFileReference; lastKnownFileType = file.storyboard; name = Base; path = Base.lproj/Main.storyboard; sourceTree = "<group>"; };
		1B07D2A31B68E0F7001C146F /* Assets.xcassets */ = {isa = PBXFileReference; lastKnownFileType = folder.assetcatalog; path = Assets.xcassets; sourceTree = "<group>"; };
		1B07D2A61B68E0F7001C146F /* Base */ = {isa = PBXFileReference; lastKnownFileType = file.storyboard; name = Base; path = Base.lproj/LaunchScreen.storyboard; sourceTree = "<group>"; };
		1B07D2A81B68E0F7001C146F /* Info.plist */ = {isa = PBXFileReference; lastKnownFileType = text.plist.xml; path = Info.plist; sourceTree = "<group>"; };
		1B07D2AD1B68E0F7001C146F /* SimpleJSONTests.xctest */ = {isa = PBXFileReference; explicitFileType = wrapper.cfbundle; includeInIndex = 0; path = SimpleJSONTests.xctest; sourceTree = BUILT_PRODUCTS_DIR; };
		1B07D2B11B68E0F7001C146F /* SimpleJSONTests.swift */ = {isa = PBXFileReference; lastKnownFileType = sourcecode.swift; path = SimpleJSONTests.swift; sourceTree = "<group>"; };
		1B07D2B31B68E0F7001C146F /* Info.plist */ = {isa = PBXFileReference; lastKnownFileType = text.plist.xml; path = Info.plist; sourceTree = "<group>"; };
		1B07D2B81B68E0F7001C146F /* SimpleJSONUITests.xctest */ = {isa = PBXFileReference; explicitFileType = wrapper.cfbundle; includeInIndex = 0; path = SimpleJSONUITests.xctest; sourceTree = BUILT_PRODUCTS_DIR; };
		1B07D2BC1B68E0F7001C146F /* SimpleJSONUITests.swift */ = {isa = PBXFileReference; lastKnownFileType = sourcecode.swift; path = SimpleJSONUITests.swift; sourceTree = "<group>"; };
		1B07D2BE1B68E0F7001C146F /* Info.plist */ = {isa = PBXFileReference; lastKnownFileType = text.plist.xml; path = Info.plist; sourceTree = "<group>"; };
		1B07D2CA1B68E1F1001C146F /* ViewModel.swift */ = {isa = PBXFileReference; fileEncoding = 4; lastKnownFileType = sourcecode.swift; path = ViewModel.swift; sourceTree = "<group>"; };
		1B07D3161B695803001C146F /* PHPAPIExample.swift */ = {isa = PBXFileReference; fileEncoding = 4; lastKnownFileType = sourcecode.swift; path = PHPAPIExample.swift; sourceTree = "<group>"; };
/* End PBXFileReference section */

/* Begin PBXFrameworksBuildPhase section */
		1B07D2961B68E0F6001C146F /* Frameworks */ = {
			isa = PBXFrameworksBuildPhase;
			buildActionMask = 2147483647;
			files = (
			);
			runOnlyForDeploymentPostprocessing = 0;
		};
		1B07D2AA1B68E0F7001C146F /* Frameworks */ = {
			isa = PBXFrameworksBuildPhase;
			buildActionMask = 2147483647;
			files = (
			);
			runOnlyForDeploymentPostprocessing = 0;
		};
		1B07D2B51B68E0F7001C146F /* Frameworks */ = {
			isa = PBXFrameworksBuildPhase;
			buildActionMask = 2147483647;
			files = (
			);
			runOnlyForDeploymentPostprocessing = 0;
		};
/* End PBXFrameworksBuildPhase section */

/* Begin PBXGroup section */
		1B07D2901B68E0F6001C146F = {
			isa = PBXGroup;
			children = (
				1B07D29B1B68E0F6001C146F /* SimpleJSON */,
				1B07D2B01B68E0F7001C146F /* SimpleJSONTests */,
				1B07D2BB1B68E0F7001C146F /* SimpleJSONUITests */,
				1B07D29A1B68E0F6001C146F /* Products */,
			);
			sourceTree = "<group>";
		};
		1B07D29A1B68E0F6001C146F /* Products */ = {
			isa = PBXGroup;
			children = (
				1B07D2991B68E0F6001C146F /* SimpleJSON.app */,
				1B07D2AD1B68E0F7001C146F /* SimpleJSONTests.xctest */,
				1B07D2B81B68E0F7001C146F /* SimpleJSONUITests.xctest */,
			);
			name = Products;
			sourceTree = "<group>";
		};
		1B07D29B1B68E0F6001C146F /* SimpleJSON */ = {
			isa = PBXGroup;
			children = (
				1B07D2CA1B68E1F1001C146F /* ViewModel.swift */,
				1B07D29C1B68E0F6001C146F /* AppDelegate.swift */,
				1B07D29E1B68E0F6001C146F /* ViewController.swift */,
				1B07D2A01B68E0F7001C146F /* Main.storyboard */,
				1B07D2A31B68E0F7001C146F /* Assets.xcassets */,
				1B07D2A51B68E0F7001C146F /* LaunchScreen.storyboard */,
				1B07D2A81B68E0F7001C146F /* Info.plist */,
				1B07D3161B695803001C146F /* PHPAPIExample.swift */,
			);
			path = SimpleJSON;
			sourceTree = "<group>";
		};
		1B07D2B01B68E0F7001C146F /* SimpleJSONTests */ = {
			isa = PBXGroup;
			children = (
				1B07D2B11B68E0F7001C146F /* SimpleJSONTests.swift */,
				1B07D2B31B68E0F7001C146F /* Info.plist */,
			);
			path = SimpleJSONTests;
			sourceTree = "<group>";
		};
		1B07D2BB1B68E0F7001C146F /* SimpleJSONUITests */ = {
			isa = PBXGroup;
			children = (
				1B07D2BC1B68E0F7001C146F /* SimpleJSONUITests.swift */,
				1B07D2BE1B68E0F7001C146F /* Info.plist */,
			);
			path = SimpleJSONUITests;
			sourceTree = "<group>";
		};
/* End PBXGroup section */

/* Begin PBXNativeTarget section */
		1B07D2981B68E0F6001C146F /* SimpleJSON */ = {
			isa = PBXNativeTarget;
			buildConfigurationList = 1B07D2C11B68E0F7001C146F /* Build configuration list for PBXNativeTarget "SimpleJSON" */;
			buildPhases = (
				1B07D2951B68E0F6001C146F /* Sources */,
				1B07D2961B68E0F6001C146F /* Frameworks */,
				1B07D2971B68E0F6001C146F /* Resources */,
			);
			buildRules = (
			);
			dependencies = (
			);
			name = SimpleJSON;
			productName = SimpleJSON;
			productReference = 1B07D2991B68E0F6001C146F /* SimpleJSON.app */;
			productType = "com.apple.product-type.application";
		};
		1B07D2AC1B68E0F7001C146F /* SimpleJSONTests */ = {
			isa = PBXNativeTarget;
			buildConfigurationList = 1B07D2C41B68E0F7001C146F /* Build configuration list for PBXNativeTarget "SimpleJSONTests" */;
			buildPhases = (
				1B07D2A91B68E0F7001C146F /* Sources */,
				1B07D2AA1B68E0F7001C146F /* Frameworks */,
				1B07D2AB1B68E0F7001C146F /* Resources */,
			);
			buildRules = (
			);
			dependencies = (
				1B07D2AF1B68E0F7001C146F /* PBXTargetDependency */,
			);
			name = SimpleJSONTests;
			productName = SimpleJSONTests;
			productReference = 1B07D2AD1B68E0F7001C146F /* SimpleJSONTests.xctest */;
			productType = "com.apple.product-type.bundle.unit-test";
		};
		1B07D2B71B68E0F7001C146F /* SimpleJSONUITests */ = {
			isa = PBXNativeTarget;
			buildConfigurationList = 1B07D2C71B68E0F7001C146F /* Build configuration list for PBXNativeTarget "SimpleJSONUITests" */;
			buildPhases = (
				1B07D2B41B68E0F7001C146F /* Sources */,
				1B07D2B51B68E0F7001C146F /* Frameworks */,
				1B07D2B61B68E0F7001C146F /* Resources */,
			);
			buildRules = (
			);
			dependencies = (
				1B07D2BA1B68E0F7001C146F /* PBXTargetDependency */,
			);
			name = SimpleJSONUITests;
			productName = SimpleJSONUITests;
			productReference = 1B07D2B81B68E0F7001C146F /* SimpleJSONUITests.xctest */;
			productType = "com.apple.product-type.bundle.ui-testing";
		};
/* End PBXNativeTarget section */

/* Begin PBXProject section */
		1B07D2911B68E0F6001C146F /* Project object */ = {
			isa = PBXProject;
			attributes = {
				LastUpgradeCheck = 0700;
				ORGANIZATIONNAME = "Ravi Ranjan";
				TargetAttributes = {
					1B07D2981B68E0F6001C146F = {
						CreatedOnToolsVersion = 7.0;
					};
					1B07D2AC1B68E0F7001C146F = {
						CreatedOnToolsVersion = 7.0;
						TestTargetID = 1B07D2981B68E0F6001C146F;
					};
					1B07D2B71B68E0F7001C146F = {
						CreatedOnToolsVersion = 7.0;
						TestTargetID = 1B07D2981B68E0F6001C146F;
					};
				};
			};
			buildConfigurationList = 1B07D2941B68E0F6001C146F /* Build configuration list for PBXProject "SimpleJSON" */;
			compatibilityVersion = "Xcode 3.2";
			developmentRegion = English;
			hasScannedForEncodings = 0;
			knownRegions = (
				en,
				Base,
			);
			mainGroup = 1B07D2901B68E0F6001C146F;
			productRefGroup = 1B07D29A1B68E0F6001C146F /* Products */;
			projectDirPath = "";
			projectRoot = "";
			targets = (
				1B07D2981B68E0F6001C146F /* SimpleJSON */,
				1B07D2AC1B68E0F7001C146F /* SimpleJSONTests */,
				1B07D2B71B68E0F7001C146F /* SimpleJSONUITests */,
			);
		};
/* End PBXProject section */

/* Begin PBXResourcesBuildPhase section */
		1B07D2971B68E0F6001C146F /* Resources */ = {
			isa = PBXResourcesBuildPhase;
			buildActionMask = 2147483647;
			files = (
				1B07D2A71B68E0F7001C146F /* LaunchScreen.storyboard in Resources */,
				1B07D2A41B68E0F7001C146F /* Assets.xcassets in Resources */,
				1B07D2A21B68E0F7001C146F /* Main.storyboard in Resources */,
			);
			runOnlyForDeploymentPostprocessing = 0;
		};
		1B07D2AB1B68E0F7001C146F /* Resources */ = {
			isa = PBXResourcesBuildPhase;
			buildActionMask = 2147483647;
			files = (
			);
			runOnlyForDeploymentPostprocessing = 0;
		};
		1B07D2B61B68E0F7001C146F /* Resources */ = {
			isa = PBXResourcesBuildPhase;
			buildActionMask = 2147483647;
			files = (
			);
			runOnlyForDeploymentPostprocessing = 0;
		};
/* End PBXResourcesBuildPhase section */

/* Begin PBXSourcesBuildPhase section */
		1B07D2951B68E0F6001C146F /* Sources */ = {
			isa = PBXSourcesBuildPhase;
			buildActionMask = 2147483647;
			files = (
				1B07D3171B695803001C146F /* PHPAPIExample.swift in Sources */,
				1B07D29F1B68E0F6001C146F /* ViewController.swift in Sources */,
				1B07D2CB1B68E1F1001C146F /* ViewModel.swift in Sources */,
				1B07D29D1B68E0F6001C146F /* AppDelegate.swift in Sources */,
			);
			runOnlyForDeploymentPostprocessing = 0;
		};
		1B07D2A91B68E0F7001C146F /* Sources */ = {
			isa = PBXSourcesBuildPhase;
			buildActionMask = 2147483647;
			files = (
				1B07D2B21B68E0F7001C146F /* SimpleJSONTests.swift in Sources */,
			);
			runOnlyForDeploymentPostprocessing = 0;
		};
		1B07D2B41B68E0F7001C146F /* Sources */ = {
			isa = PBXSourcesBuildPhase;
			buildActionMask = 2147483647;
			files = (
				1B07D2BD1B68E0F7001C146F /* SimpleJSONUITests.swift in Sources */,
			);
			runOnlyForDeploymentPostprocessing = 0;
		};
/* End PBXSourcesBuildPhase section */

/* Begin PBXTargetDependency section */
		1B07D2AF1B68E0F7001C146F /* PBXTargetDependency */ = {
			isa = PBXTargetDependency;
			target = 1B07D2981B68E0F6001C146F /* SimpleJSON */;
			targetProxy = 1B07D2AE1B68E0F7001C146F /* PBXContainerItemProxy */;
		};
		1B07D2BA1B68E0F7001C146F /* PBXTargetDependency */ = {
			isa = PBXTargetDependency;
			target = 1B07D2981B68E0F6001C146F /* SimpleJSON */;
			targetProxy = 1B07D2B91B68E0F7001C146F /* PBXContainerItemProxy */;
		};
/* End PBXTargetDependency section */

/* Begin PBXVariantGroup section */
		1B07D2A01B68E0F7001C146F /* Main.storyboard */ = {
			isa = PBXVariantGroup;
			children = (
				1B07D2A11B68E0F7001C146F /* Base */,
			);
			name = Main.storyboard;
			sourceTree = "<group>";
		};
		1B07D2A51B68E0F7001C146F /* LaunchScreen.storyboard */ = {
			isa = PBXVariantGroup;
			children = (
				1B07D2A61B68E0F7001C146F /* Base */,
			);
			name = LaunchScreen.storyboard;
			sourceTree = "<group>";
		};
/* End PBXVariantGroup section */

/* Begin XCBuildConfiguration section */
		1B07D2BF1B68E0F7001C146F /* Debug */ = {
			isa = XCBuildConfiguration;
			buildSettings = {
				ALWAYS_SEARCH_USER_PATHS = NO;
				CLANG_CXX_LANGUAGE_STANDARD = "gnu++0x";
				CLANG_CXX_LIBRARY = "libc++";
				CLANG_ENABLE_MODULES = YES;
				CLANG_ENABLE_OBJC_ARC = YES;
				CLANG_WARN_BOOL_CONVERSION = YES;
				CLANG_WARN_CONSTANT_CONVERSION = YES;
				CLANG_WARN_DIRECT_OBJC_ISA_USAGE = YES_ERROR;
				CLANG_WARN_EMPTY_BODY = YES;
				CLANG_WARN_ENUM_CONVERSION = YES;
				CLANG_WARN_INT_CONVERSION = YES;
				CLANG_WARN_OBJC_ROOT_CLASS = YES_ERROR;
				CLANG_WARN_UNREACHABLE_CODE = YES;
				CLANG_WARN__DUPLICATE_METHOD_MATCH = YES;
				"CODE_SIGN_IDENTITY[sdk=iphoneos*]" = "iPhone Developer";
				COPY_PHASE_STRIP = NO;
				DEBUG_INFORMATION_FORMAT = dwarf;
				ENABLE_STRICT_OBJC_MSGSEND = YES;
				ENABLE_TESTABILITY = YES;
				GCC_C_LANGUAGE_STANDARD = gnu99;
				GCC_DYNAMIC_NO_PIC = NO;
				GCC_NO_COMMON_BLOCKS = YES;
				GCC_OPTIMIZATION_LEVEL = 0;
				GCC_PREPROCESSOR_DEFINITIONS = (
					"DEBUG=1",
					"$(inherited)",
				);
				GCC_WARN_64_TO_32_BIT_CONVERSION = YES;
				GCC_WARN_ABOUT_RETURN_TYPE = YES_ERROR;
				GCC_WARN_UNDECLARED_SELECTOR = YES;
				GCC_WARN_UNINITIALIZED_AUTOS = YES_AGGRESSIVE;
				GCC_WARN_UNUSED_FUNCTION = YES;
				GCC_WARN_UNUSED_VARIABLE = YES;
				IPHONEOS_DEPLOYMENT_TARGET = 9.0;
				MTL_ENABLE_DEBUG_INFO = YES;
				ONLY_ACTIVE_ARCH = YES;
				SDKROOT = iphoneos;
				SWIFT_OPTIMIZATION_LEVEL = "-Onone";
			};
			name = Debug;
		};
		1B07D2C01B68E0F7001C146F /* Release */ = {
			isa = XCBuildConfiguration;
			buildSettings = {
				ALWAYS_SEARCH_USER_PATHS = NO;
				CLANG_CXX_LANGUAGE_STANDARD = "gnu++0x";
				CLANG_CXX_LIBRARY = "libc++";
				CLANG_ENABLE_MODULES = YES;
				CLANG_ENABLE_OBJC_ARC = YES;
				CLANG_WARN_BOOL_CONVERSION = YES;
				CLANG_WARN_CONSTANT_CONVERSION = YES;
				CLANG_WARN_DIRECT_OBJC_ISA_USAGE = YES_ERROR;
				CLANG_WARN_EMPTY_BODY = YES;
				CLANG_WARN_ENUM_CONVERSION = YES;
				CLANG_WARN_INT_CONVERSION = YES;
				CLANG_WARN_OBJC_ROOT_CLASS = YES_ERROR;
				CLANG_WARN_UNREACHABLE_CODE = YES;
				CLANG_WARN__DUPLICATE_METHOD_MATCH = YES;
				"CODE_SIGN_IDENTITY[sdk=iphoneos*]" = "iPhone Developer";
				COPY_PHASE_STRIP = NO;
				DEBUG_INFORMATION_FORMAT = "dwarf-with-dsym";
				ENABLE_NS_ASSERTIONS = NO;
				ENABLE_STRICT_OBJC_MSGSEND = YES;
				GCC_C_LANGUAGE_STANDARD = gnu99;
				GCC_NO_COMMON_BLOCKS = YES;
				GCC_WARN_64_TO_32_BIT_CONVERSION = YES;
				GCC_WARN_ABOUT_RETURN_TYPE = YES_ERROR;
				GCC_WARN_UNDECLARED_SELECTOR = YES;
				GCC_WARN_UNINITIALIZED_AUTOS = YES_AGGRESSIVE;
				GCC_WARN_UNUSED_FUNCTION = YES;
				GCC_WARN_UNUSED_VARIABLE = YES;
				IPHONEOS_DEPLOYMENT_TARGET = 9.0;
				MTL_ENABLE_DEBUG_INFO = NO;
				SDKROOT = iphoneos;
				VALIDATE_PRODUCT = YES;
			};
			name = Release;
		};
		1B07D2C21B68E0F7001C146F /* Debug */ = {
			isa = XCBuildConfiguration;
			buildSettings = {
				ASSETCATALOG_COMPILER_APPICON_NAME = AppIcon;
				INFOPLIST_FILE = SimpleJSON/Info.plist;
				LD_RUNPATH_SEARCH_PATHS = "$(inherited) @executable_path/Frameworks";
				PRODUCT_BUNDLE_IDENTIFIER = in.ac.niec.SimpleJSON;
				PRODUCT_NAME = "$(TARGET_NAME)";
			};
			name = Debug;
		};
		1B07D2C31B68E0F7001C146F /* Release */ = {
			isa = XCBuildConfiguration;
			buildSettings = {
				ASSETCATALOG_COMPILER_APPICON_NAME = AppIcon;
				INFOPLIST_FILE = SimpleJSON/Info.plist;
				LD_RUNPATH_SEARCH_PATHS = "$(inherited) @executable_path/Frameworks";
				PRODUCT_BUNDLE_IDENTIFIER = in.ac.niec.SimpleJSON;
				PRODUCT_NAME = "$(TARGET_NAME)";
			};
			name = Release;
		};
		1B07D2C51B68E0F7001C146F /* Debug */ = {
			isa = XCBuildConfiguration;
			buildSettings = {
				BUNDLE_LOADER = "$(TEST_HOST)";
				INFOPLIST_FILE = SimpleJSONTests/Info.plist;
				LD_RUNPATH_SEARCH_PATHS = "$(inherited) @executable_path/Frameworks @loader_path/Frameworks";
				PRODUCT_BUNDLE_IDENTIFIER = in.ac.niec.SimpleJSONTests;
				PRODUCT_NAME = "$(TARGET_NAME)";
				TEST_HOST = "$(BUILT_PRODUCTS_DIR)/SimpleJSON.app/SimpleJSON";
			};
			name = Debug;
		};
		1B07D2C61B68E0F7001C146F /* Release */ = {
			isa = XCBuildConfiguration;
			buildSettings = {
				BUNDLE_LOADER = "$(TEST_HOST)";
				INFOPLIST_FILE = SimpleJSONTests/Info.plist;
				LD_RUNPATH_SEARCH_PATHS = "$(inherited) @executable_path/Frameworks @loader_path/Frameworks";
				PRODUCT_BUNDLE_IDENTIFIER = in.ac.niec.SimpleJSONTests;
				PRODUCT_NAME = "$(TARGET_NAME)";
				TEST_HOST = "$(BUILT_PRODUCTS_DIR)/SimpleJSON.app/SimpleJSON";
			};
			name = Release;
		};
		1B07D2C81B68E0F7001C146F /* Debug */ = {
			isa = XCBuildConfiguration;
			buildSettings = {
				INFOPLIST_FILE = SimpleJSONUITests/Info.plist;
				LD_RUNPATH_SEARCH_PATHS = "$(inherited) @executable_path/Frameworks @loader_path/Frameworks";
				PRODUCT_BUNDLE_IDENTIFIER = in.ac.niec.SimpleJSONUITests;
				PRODUCT_NAME = "$(TARGET_NAME)";
				TEST_TARGET_NAME = SimpleJSON;
				USES_XCTRUNNER = YES;
			};
			name = Debug;
		};
		1B07D2C91B68E0F7001C146F /* Release */ = {
			isa = XCBuildConfiguration;
			buildSettings = {
				INFOPLIST_FILE = SimpleJSONUITests/Info.plist;
				LD_RUNPATH_SEARCH_PATHS = "$(inherited) @executable_path/Frameworks @loader_path/Frameworks";
				PRODUCT_BUNDLE_IDENTIFIER = in.ac.niec.SimpleJSONUITests;
				PRODUCT_NAME = "$(TARGET_NAME)";
				TEST_TARGET_NAME = SimpleJSON;
				USES_XCTRUNNER = YES;
			};
			name = Release;
		};
/* End XCBuildConfiguration section */

/* Begin XCConfigurationList section */
		1B07D2941B68E0F6001C146F /* Build configuration list for PBXProject "SimpleJSON" */ = {
			isa = XCConfigurationList;
			buildConfigurations = (
				1B07D2BF1B68E0F7001C146F /* Debug */,
				1B07D2C01B68E0F7001C146F /* Release */,
			);
			defaultConfigurationIsVisible = 0;
			defaultConfigurationName = Release;
		};
		1B07D2C11B68E0F7001C146F /* Build configuration list for PBXNativeTarget "SimpleJSON" */ = {
			isa = XCConfigurationList;
			buildConfigurations = (
				1B07D2C21B68E0F7001C146F /* Debug */,
				1B07D2C31B68E0F7001C146F /* Release */,
			);
			defaultConfigurationIsVisible = 0;
			defaultConfigurationName = Release;
		};
		1B07D2C41B68E0F7001C146F /* Build configuration list for PBXNativeTarget "SimpleJSONTests" */ = {
			isa = XCConfigurationList;
			buildConfigurations = (
				1B07D2C51B68E0F7001C146F /* Debug */,
				1B07D2C61B68E0F7001C146F /* Release */,
			);
			defaultConfigurationIsVisible = 0;
			defaultConfigurationName = Release;
		};
		1B07D2C71B68E0F7001C146F /* Build configuration list for PBXNativeTarget "SimpleJSONUITests" */ = {
			isa = XCConfigurationList;
			buildConfigurations = (
				1B07D2C81B68E0F7001C146F /* Debug */,
				1B07D2C91B68E0F7001C146F /* Release */,
			);
			defaultConfigurationIsVisible = 0;
			defaultConfigurationName = Release;
		};
/* End XCConfigurationList section */
	};
	rootObject = 1B07D2911B68E0F6001C146F /* Project object */;
}
